
Microsoft Visual Studio Solution File, Format Version 12.00
# Visual Studio Version 16
VisualStudioVersion = 16.0.28803.202
MinimumVisualStudioVersion = 10.0.40219.1
Project("{9A19103F-16F7-4668-BE54-9A1E7A4F7556}") = "SharpMonoInjector", "dependencies\SharpMonoInjector\src\SharpMonoInjector\SharpMonoInjector.csproj", "{B72B6502-E1B3-421A-B723-B294BF5F9E6B}"
EndProject
Project("{FAE04EC0-301F-11D3-BF4B-00C04F79EFBC}") = "IntifaceGameHapticsRouter", "IntifaceGameHapticsRouter\IntifaceGameHapticsRouter.csproj", "{E77C7F6F-1476-43B9-8F22-A2C907374EA4}"
	ProjectSection(ProjectDependencies) = postProject
		{DEB31023-7D8F-49F0-8B06-B35BDA37672D} = {DEB31023-7D8F-49F0-8B06-B35BDA37672D}
		{09ED6F36-FD6B-4B16-A5C8-95F2E1339424} = {09ED6F36-FD6B-4B16-A5C8-95F2E1339424}
	EndProjectSection
EndProject
Project("{FAE04EC0-301F-11D3-BF4B-00C04F79EFBC}") = "GHRUnityVRModNet35", "GHRUnityVRModNet35\GHRUnityVRModNet35.csproj", "{DEB31023-7D8F-49F0-8B06-B35BDA37672D}"
EndProject
Project("{FAE04EC0-301F-11D3-BF4B-00C04F79EFBC}") = "GHRUnityVRModNet45", "GHRUnityVRModNet45\GHRUnityVRModNet45.csproj", "{09ED6F36-FD6B-4B16-A5C8-95F2E1339424}"
EndProject
Project("{FAE04EC0-301F-11D3-BF4B-00C04F79EFBC}") = "GHRXInputModInterface", "GHRXInputModInterface\GHRXInputModInterface.csproj", "{96EBCD5E-A218-4DDC-A8BE-83E9369F5465}"
EndProject
Project("{FAE04EC0-301F-11D3-BF4B-00C04F79EFBC}") = "GHRXInputModPayload", "GHRXInputModPayload\GHRXInputModPayload.csproj", "{8DF536FA-A44F-437C-8606-0FC0623588C1}"
EndProject
Global
	GlobalSection(SolutionConfigurationPlatforms) = preSolution
		Debug|Any CPU = Debug|Any CPU
		Debug|x64 = Debug|x64
		Release|Any CPU = Release|Any CPU
		Release|x64 = Release|x64
	EndGlobalSection
	GlobalSection(ProjectConfigurationPlatforms) = postSolution
		{B72B6502-E1B3-421A-B723-B294BF5F9E6B}.Debug|Any CPU.ActiveCfg = Debug|Any CPU
		{B72B6502-E1B3-421A-B723-B294BF5F9E6B}.Debug|Any CPU.Build.0 = Debug|Any CPU
		{B72B6502-E1B3-421A-B723-B294BF5F9E6B}.Debug|x64.ActiveCfg = Debug|x64
		{B72B6502-E1B3-421A-B723-B294BF5F9E6B}.Debug|x64.Build.0 = Debug|x64
		{B72B6502-E1B3-421A-B723-B294BF5F9E6B}.Release|Any CPU.ActiveCfg = Release|Any CPU
		{B72B6502-E1B3-421A-B723-B294BF5F9E6B}.Release|Any CPU.Build.0 = Release|Any CPU
		{B72B6502-E1B3-421A-B723-B294BF5F9E6B}.Release|x64.ActiveCfg = Release|x64
		{B72B6502-E1B3-421A-B723-B294BF5F9E6B}.Release|x64.Build.0 = Release|x64
		{E77C7F6F-1476-43B9-8F22-A2C907374EA4}.Debug|Any CPU.ActiveCfg = Debug|Any CPU
		{E77C7F6F-1476-43B9-8F22-A2C907374EA4}.Debug|Any CPU.Build.0 = Debug|Any CPU
		{E77C7F6F-1476-43B9-8F22-A2C907374EA4}.Debug|x64.ActiveCfg = Debug|x64
		{E77C7F6F-1476-43B9-8F22-A2C907374EA4}.Debug|x64.Build.0 = Debug|x64
		{E77C7F6F-1476-43B9-8F22-A2C907374EA4}.Release|Any CPU.ActiveCfg = Release|Any CPU
		{E77C7F6F-1476-43B9-8F22-A2C907374EA4}.Release|Any CPU.Build.0 = Release|Any CPU
		{E77C7F6F-1476-43B9-8F22-A2C907374EA4}.Release|x64.ActiveCfg = Release|x64
		{E77C7F6F-1476-43B9-8F22-A2C907374EA4}.Release|x64.Build.0 = Release|x64
		{DEB31023-7D8F-49F0-8B06-B35BDA37672D}.Debug|Any CPU.ActiveCfg = Debug|Any CPU
		{DEB31023-7D8F-49F0-8B06-B35BDA37672D}.Debug|Any CPU.Build.0 = Debug|Any CPU
		{DEB31023-7D8F-49F0-8B06-B35BDA37672D}.Debug|x64.ActiveCfg = Debug|x64
		{DEB31023-7D8F-49F0-8B06-B35BDA37672D}.Debug|x64.Build.0 = Debug|x64
		{DEB31023-7D8F-49F0-8B06-B35BDA37672D}.Release|Any CPU.ActiveCfg = Release|Any CPU
		{DEB31023-7D8F-49F0-8B06-B35BDA37672D}.Release|Any CPU.Build.0 = Release|Any CPU
		{DEB31023-7D8F-49F0-8B06-B35BDA37672D}.Release|x64.ActiveCfg = Release|x64
		{DEB31023-7D8F-49F0-8B06-B35BDA37672D}.Release|x64.Build.0 = Release|x64
		{09ED6F36-FD6B-4B16-A5C8-95F2E1339424}.Debug|Any CPU.ActiveCfg = Debug|Any CPU
		{09ED6F36-FD6B-4B16-A5C8-95F2E1339424}.Debug|Any CPU.Build.0 = Debug|Any CPU
		{09ED6F36-FD6B-4B16-A5C8-95F2E1339424}.Debug|x64.ActiveCfg = Debug|x64
		{09ED6F36-FD6B-4B16-A5C8-95F2E1339424}.Debug|x64.Build.0 = Debug|x64
		{09ED6F36-FD6B-4B16-A5C8-95F2E1339424}.Release|Any CPU.ActiveCfg = Release|Any CPU
		{09ED6F36-FD6B-4B16-A5C8-95F2E1339424}.Release|Any CPU.Build.0 = Release|Any CPU
		{09ED6F36-FD6B-4B16-A5C8-95F2E1339424}.Release|x64.ActiveCfg = Release|x64
		{09ED6F36-FD6B-4B16-A5C8-95F2E1339424}.Release|x64.Build.0 = Release|x64
		{96EBCD5E-A218-4DDC-A8BE-83E9369F5465}.Debug|Any CPU.ActiveCfg = Debug|Any CPU
		{96EBCD5E-A218-4DDC-A8BE-83E9369F5465}.Debug|Any CPU.Build.0 = Debug|Any CPU
		{96EBCD5E-A218-4DDC-A8BE-83E9369F5465}.Debug|x64.ActiveCfg = Debug|x64
		{96EBCD5E-A218-4DDC-A8BE-83E9369F5465}.Debug|x64.Build.0 = Debug|x64
		{96EBCD5E-A218-4DDC-A8BE-83E9369F5465}.Release|Any CPU.ActiveCfg = Release|Any CPU
		{96EBCD5E-A218-4DDC-A8BE-83E9369F5465}.Release|Any CPU.Build.0 = Release|Any CPU
		{96EBCD5E-A218-4DDC-A8BE-83E9369F5465}.Release|x64.ActiveCfg = Release|x64
		{96EBCD5E-A218-4DDC-A8BE-83E9369F5465}.Release|x64.Build.0 = Release|x64
		{8DF536FA-A44F-437C-8606-0FC0623588C1}.Debug|Any CPU.ActiveCfg = Debug|Any CPU
		{8DF536FA-A44F-437C-8606-0FC0623588C1}.Debug|Any CPU.Build.0 = Debug|Any CPU
		{8DF536FA-A44F-437C-8606-0FC0623588C1}.Debug|x64.ActiveCfg = Debug|x64
		{8DF536FA-A44F-437C-8606-0FC0623588C1}.Debug|x64.Build.0 = Debug|x64
		{8DF536FA-A44F-437C-8606-0FC0623588C1}.Release|Any CPU.ActiveCfg = Release|Any CPU
		{8DF536FA-A44F-437C-8606-0FC0623588C1}.Release|Any CPU.Build.0 = Release|Any CPU
		{8DF536FA-A44F-437C-8606-0FC0623588C1}.Release|x64.ActiveCfg = Release|x64
		{8DF536FA-A44F-437C-8606-0FC0623588C1}.Release|x64.Build.0 = Release|x64
	EndGlobalSection
	GlobalSection(SolutionProperties) = preSolution
		HideSolutionNode = FALSE
	EndGlobalSection
	GlobalSection(ExtensibilityGlobals) = postSolution
		SolutionGuid = {14439514-A42E-4DE1-B6F9-5244F072DE29}
	EndGlobalSection
EndGlobal
